
Microsoft Visual Studio Solution File, Format Version 12.00
# Visual Studio Version 17
VisualStudioVersion = 17.6.33815.320
MinimumVisualStudioVersion = 10.0.40219.1
Project("{2150E333-8FDC-42A3-9474-1A3956D46DE8}") = "Services", "Services", "{4F521F9E-5391-4CA2-96D9-C8F8ADF20333}"
EndProject
Project("{2150E333-8FDC-42A3-9474-1A3956D46DE8}") = "Application", "Application", "{C7117865-463A-425D-9F08-5AADF60B2A85}"
EndProject
Project("{9A19103F-16F7-4668-BE54-9A1E7A4F7556}") = "VandecoStore.Core", "src\VandecoStore.Core\VandecoStore.Core.csproj", "{B68F1F32-2E30-4402-BE7D-17FEA4329684}"
EndProject
Project("{9A19103F-16F7-4668-BE54-9A1E7A4F7556}") = "VandecoStore.Domain", "src\VandecoStore.Domain\VandecoStore.Domain.csproj", "{4A15748A-68D3-49FD-AF12-D65B1129EEF9}"
EndProject
Project("{2150E333-8FDC-42A3-9474-1A3956D46DE8}") = "Tests", "Tests", "{D5E4E5D4-00F4-48AD-AB61-8884B3613778}"
EndProject
Project("{9A19103F-16F7-4668-BE54-9A1E7A4F7556}") = "VandecoStore.Domain.Tests", "tests\VandecoStore.Domain.Tests\VandecoStore.Domain.Tests.csproj", "{D7F085C2-EEDD-4295-856D-2399ACD6BB28}"
EndProject
Project("{9A19103F-16F7-4668-BE54-9A1E7A4F7556}") = "VandecoStore.Data", "src\VandecoStore.Data\VandecoStore.Data.csproj", "{19D9F6AF-0820-4820-B04C-EDDE4A800A63}"
	ProjectSection(ProjectDependencies) = postProject
		{B68F1F32-2E30-4402-BE7D-17FEA4329684} = {B68F1F32-2E30-4402-BE7D-17FEA4329684}
	EndProjectSection
EndProject
Project("{FAE04EC0-301F-11D3-BF4B-00C04F79EFBC}") = "VandecoStore.API", "src\VandecoStore.API\VandecoStore.API\VandecoStore.API.csproj", "{3223A617-0478-4DEE-B097-476E3C1BA55C}"
	ProjectSection(ProjectDependencies) = postProject
		{4A15748A-68D3-49FD-AF12-D65B1129EEF9} = {4A15748A-68D3-49FD-AF12-D65B1129EEF9}
		{B68F1F32-2E30-4402-BE7D-17FEA4329684} = {B68F1F32-2E30-4402-BE7D-17FEA4329684}
	EndProjectSection
EndProject
Global
	GlobalSection(SolutionConfigurationPlatforms) = preSolution
		Debug|Any CPU = Debug|Any CPU
		Release|Any CPU = Release|Any CPU
	EndGlobalSection
	GlobalSection(ProjectConfigurationPlatforms) = postSolution
		{B68F1F32-2E30-4402-BE7D-17FEA4329684}.Debug|Any CPU.ActiveCfg = Debug|Any CPU
		{B68F1F32-2E30-4402-BE7D-17FEA4329684}.Debug|Any CPU.Build.0 = Debug|Any CPU
		{B68F1F32-2E30-4402-BE7D-17FEA4329684}.Release|Any CPU.ActiveCfg = Release|Any CPU
		{B68F1F32-2E30-4402-BE7D-17FEA4329684}.Release|Any CPU.Build.0 = Release|Any CPU
		{4A15748A-68D3-49FD-AF12-D65B1129EEF9}.Debug|Any CPU.ActiveCfg = Debug|Any CPU
		{4A15748A-68D3-49FD-AF12-D65B1129EEF9}.Debug|Any CPU.Build.0 = Debug|Any CPU
		{4A15748A-68D3-49FD-AF12-D65B1129EEF9}.Release|Any CPU.ActiveCfg = Release|Any CPU
		{4A15748A-68D3-49FD-AF12-D65B1129EEF9}.Release|Any CPU.Build.0 = Release|Any CPU
		{D7F085C2-EEDD-4295-856D-2399ACD6BB28}.Debug|Any CPU.ActiveCfg = Debug|Any CPU
		{D7F085C2-EEDD-4295-856D-2399ACD6BB28}.Debug|Any CPU.Build.0 = Debug|Any CPU
		{D7F085C2-EEDD-4295-856D-2399ACD6BB28}.Release|Any CPU.ActiveCfg = Release|Any CPU
		{D7F085C2-EEDD-4295-856D-2399ACD6BB28}.Release|Any CPU.Build.0 = Release|Any CPU
		{19D9F6AF-0820-4820-B04C-EDDE4A800A63}.Debug|Any CPU.ActiveCfg = Debug|Any CPU
		{19D9F6AF-0820-4820-B04C-EDDE4A800A63}.Debug|Any CPU.Build.0 = Debug|Any CPU
		{19D9F6AF-0820-4820-B04C-EDDE4A800A63}.Release|Any CPU.ActiveCfg = Release|Any CPU
		{19D9F6AF-0820-4820-B04C-EDDE4A800A63}.Release|Any CPU.Build.0 = Release|Any CPU
		{3223A617-0478-4DEE-B097-476E3C1BA55C}.Debug|Any CPU.ActiveCfg = Debug|Any CPU
		{3223A617-0478-4DEE-B097-476E3C1BA55C}.Debug|Any CPU.Build.0 = Debug|Any CPU
		{3223A617-0478-4DEE-B097-476E3C1BA55C}.Release|Any CPU.ActiveCfg = Release|Any CPU
		{3223A617-0478-4DEE-B097-476E3C1BA55C}.Release|Any CPU.Build.0 = Release|Any CPU
	EndGlobalSection
	GlobalSection(SolutionProperties) = preSolution
		HideSolutionNode = FALSE
	EndGlobalSection
	GlobalSection(NestedProjects) = preSolution
		{B68F1F32-2E30-4402-BE7D-17FEA4329684} = {4F521F9E-5391-4CA2-96D9-C8F8ADF20333}
		{4A15748A-68D3-49FD-AF12-D65B1129EEF9} = {4F521F9E-5391-4CA2-96D9-C8F8ADF20333}
		{D7F085C2-EEDD-4295-856D-2399ACD6BB28} = {D5E4E5D4-00F4-48AD-AB61-8884B3613778}
		{19D9F6AF-0820-4820-B04C-EDDE4A800A63} = {4F521F9E-5391-4CA2-96D9-C8F8ADF20333}
		{3223A617-0478-4DEE-B097-476E3C1BA55C} = {C7117865-463A-425D-9F08-5AADF60B2A85}
	EndGlobalSection
	GlobalSection(ExtensibilityGlobals) = postSolution
		SolutionGuid = {23A70A72-1AE7-472D-BE62-D94B9CDC7BD0}
	EndGlobalSection
EndGlobal
